
Microsoft Visual Studio Solution File, Format Version 12.00
# Visual Studio Version 16
VisualStudioVersion = 16.0.810.22
MinimumVisualStudioVersion = 10.0.40219.1
Project("{FAE04EC0-301F-11D3-BF4B-00C04F79EFBC}") = "FoodOrganizer", "FoodOrganizer\FoodOrganizer.csproj", "{947DC4EA-0692-4CF6-BD11-521406B7EDE0}"
EndProject
Global
	GlobalSection(SolutionConfigurationPlatforms) = preSolution
		Debug|anycpu = Debug|anycpu
		Release|anycpu = Release|anycpu
	EndGlobalSection
	GlobalSection(ProjectConfigurationPlatforms) = postSolution
		{947DC4EA-0692-4CF6-BD11-521406B7EDE0}.Debug|anycpu.ActiveCfg = Debug|anycpu
		{947DC4EA-0692-4CF6-BD11-521406B7EDE0}.Debug|anycpu.Build.0 = Debug|anycpu
		{947DC4EA-0692-4CF6-BD11-521406B7EDE0}.Release|anycpu.ActiveCfg = Release|anycpu
		{947DC4EA-0692-4CF6-BD11-521406B7EDE0}.Release|anycpu.Build.0 = Release|anycpu
	EndGlobalSection
	GlobalSection(SolutionProperties) = preSolution
		HideSolutionNode = FALSE
	EndGlobalSection
	GlobalSection(ExtensibilityGlobals) = postSolution
		SolutionGuid = {268D68BA-FAFD-426B-BE73-25E320986DB2}
	EndGlobalSection
EndGlobal
